
Microsoft Visual Studio Solution File, Format Version 12.00
# Visual Studio Version 17
VisualStudioVersion = 17.5.33414.496
MinimumVisualStudioVersion = 10.0.40219.1
Project("{FAE04EC0-301F-11D3-BF4B-00C04F79EFBC}") = "tpmodul5_1302210019", "tpmodul5_1302210019.csproj", "{31691BCB-96EB-4E00-B93B-7E8D174D8862}"
EndProject
Global
	GlobalSection(SolutionConfigurationPlatforms) = preSolution
		Debug|Any CPU = Debug|Any CPU
		Release|Any CPU = Release|Any CPU
	EndGlobalSection
	GlobalSection(ProjectConfigurationPlatforms) = postSolution
		{31691BCB-96EB-4E00-B93B-7E8D174D8862}.Debug|Any CPU.ActiveCfg = Debug|Any CPU
		{31691BCB-96EB-4E00-B93B-7E8D174D8862}.Debug|Any CPU.Build.0 = Debug|Any CPU
		{31691BCB-96EB-4E00-B93B-7E8D174D8862}.Release|Any CPU.ActiveCfg = Release|Any CPU
		{31691BCB-96EB-4E00-B93B-7E8D174D8862}.Release|Any CPU.Build.0 = Release|Any CPU
	EndGlobalSection
	GlobalSection(SolutionProperties) = preSolution
		HideSolutionNode = FALSE
	EndGlobalSection
	GlobalSection(ExtensibilityGlobals) = postSolution
		SolutionGuid = {5CD72A12-F778-4ADF-A072-8CDC8E36DE47}
	EndGlobalSection
EndGlobal
